// !$*UTF8*$!
{
	archiveVersion = 1;
	classes = {};
	objectVersion = 56;
	objects = {
		000000000000000000000001 = {
			isa = PBXProject;
			attributes = { LastUpgradeCheck = 2600; };
			buildConfigurationList = 000000000000000000000010;
			compatibilityVersion = "Xcode 14.0";
			developmentRegion = en;
			knownRegions = (en, Base);
			mainGroup = 000000000000000000000002;
			packageReferences = (000000000000000000000020);
			productRefGroup = 000000000000000000000003;
			projectDirPath = "";
			projectRoot = "";
			targets = (000000000000000000000004);
		};
		000000000000000000000002 = {
			isa = PBXGroup;
			children = (000000000000000000000005, 000000000000000000000023, 000000000000000000000003);
			sourceTree = "<group>";
		};
		000000000000000000000003 = {
			isa = PBXGroup;
			children = (000000000000000000000006);
			name = Products;
			sourceTree = "<group>";
		};
		000000000000000000000004 = {
			isa = PBXNativeTarget;
			buildConfigurationList = 000000000000000000000013;
			buildPhases = (000000000000000000000007, 000000000000000000000008);
			buildRules = ();
			dependencies = ();
			name = Tunic;
			packageProductDependencies = (000000000000000000000021);
			productName = Tunic;
			productReference = 000000000000000000000006;
			productType = "com.apple.product-type.application";
		};
		000000000000000000000005 = {
			isa = PBXFileReference;
			lastKnownFileType = sourcecode.swift;
			path = Tunic/TunicApp.swift;
			sourceTree = "<group>";
		};
		000000000000000000000006 = {
			isa = PBXFileReference;
			explicitFileType = wrapper.application;
			path = Tunic.app;
			sourceTree = BUILT_PRODUCTS_DIR;
		};
		000000000000000000000007 = {
			isa = PBXSourcesBuildPhase;
			buildActionMask = 2147483647;
			files = (000000000000000000000009, 000000000000000000000024);
			runOnlyForDeploymentPostprocessing = 0;
		};
		000000000000000000000008 = {
			isa = PBXFrameworksBuildPhase;
			buildActionMask = 2147483647;
			files = (000000000000000000000022);
			runOnlyForDeploymentPostprocessing = 0;
		};
		000000000000000000000009 = {
			isa = PBXBuildFile;
			fileRef = 000000000000000000000005;
		};
		000000000000000000000010 = {
			isa = XCConfigurationList;
			buildConfigurations = (000000000000000000000011, 000000000000000000000012);
			defaultConfigurationIsVisible = 0;
			defaultConfigurationName = Release;
		};
		000000000000000000000011 = {
			isa = XCBuildConfiguration;
			buildSettings = { ALWAYS_SEARCH_USER_PATHS = NO; MACOSX_DEPLOYMENT_TARGET = 13.0; SDKROOT = macosx; SUPPORTED_PLATFORMS = macosx; SWIFT_VERSION = 5.0; };
			name = Debug;
		};
		000000000000000000000012 = {
			isa = XCBuildConfiguration;
			buildSettings = { ALWAYS_SEARCH_USER_PATHS = NO; MACOSX_DEPLOYMENT_TARGET = 13.0; SDKROOT = macosx; SUPPORTED_PLATFORMS = macosx; SWIFT_VERSION = 5.0; };
			name = Release;
		};
		000000000000000000000013 = {
			isa = XCConfigurationList;
			buildConfigurations = (000000000000000000000014, 000000000000000000000015);
			defaultConfigurationIsVisible = 0;
			defaultConfigurationName = Release;
		};
		000000000000000000000014 = {
			isa = XCBuildConfiguration;
			buildSettings = {
				ARCHS = arm64;
				CODE_SIGN_IDENTITY = "-";
				CODE_SIGN_STYLE = Manual;
				GENERATE_INFOPLIST_FILE = YES;
				INFOPLIST_KEY_LSApplicationCategoryType = "public.app-category.music";
				MARKETING_VERSION = 0.1.0;
				CURRENT_PROJECT_VERSION = 1;
				PRODUCT_BUNDLE_IDENTIFIER = dev.tunic.app;
				PRODUCT_NAME = "$(TARGET_NAME)";
				PRODUCT_MODULE_NAME = TunicApp;
				SWIFT_OPTIMIZATION_LEVEL = "-Onone";
			};
			name = Debug;
		};
		000000000000000000000015 = {
			isa = XCBuildConfiguration;
			buildSettings = {
				ARCHS = arm64;
				CODE_SIGN_IDENTITY = "-";
				CODE_SIGN_STYLE = Manual;
				GENERATE_INFOPLIST_FILE = YES;
				INFOPLIST_KEY_LSApplicationCategoryType = "public.app-category.music";
				MARKETING_VERSION = 0.1.0;
				CURRENT_PROJECT_VERSION = 1;
				PRODUCT_BUNDLE_IDENTIFIER = dev.tunic.app;
				PRODUCT_NAME = "$(TARGET_NAME)";
				PRODUCT_MODULE_NAME = TunicApp;
				SWIFT_COMPILATION_MODE = wholemodule;
			};
			name = Release;
		};
		000000000000000000000020 = {
			isa = XCLocalSwiftPackageReference;
			relativePath = ../../dist/apple;
		};
		000000000000000000000021 = {
			isa = XCSwiftPackageProductDependency;
			package = 000000000000000000000020;
			productName = Tunic;
		};
		000000000000000000000022 = {
			isa = PBXBuildFile;
			productRef = 000000000000000000000021;
		};
		000000000000000000000023 = {
			isa = PBXFileReference;
			lastKnownFileType = sourcecode.swift;
			path = Tunic/ContentView.swift;
			sourceTree = "<group>";
		};
		000000000000000000000024 = {
			isa = PBXBuildFile;
			fileRef = 000000000000000000000023;
		};
	};
	rootObject = 000000000000000000000001;
}
